{
  "version": 4,
  "terraform_version": "0.13.4",
  "serial": 22,
  "lineage": "b45e1a79-1aa3-fde2-c5a1-7033149fca6a",
  "outputs": {},
  "resources": [
    {
      "mode": "managed",
      "type": "azurerm_resource_group",
      "name": "example",
      "provider": "provider[\"registry.terraform.io/hashicorp/azurerm\"]",
      "instances": [
        {
          "schema_version": 0,
          "attributes": {
            "id": "/subscriptions/f5b5d7b3-27e6-47ba-83c1-58824d3eb42b/resourceGroups/rgosh",
            "location": "westeurope",
            "name": "rgosh",
            "tags": {
              "Dept": "Engineering",
              "Project": "Leche Dos Pinos"
            },
            "timeouts": null
          },
          "private": "eyJlMmJmYjczMC1lY2FhLTExZTYtOGY4OC0zNDM2M2JjN2M0YzAiOnsiY3JlYXRlIjo1NDAwMDAwMDAwMDAwLCJkZWxldGUiOjU0MDAwMDAwMDAwMDAsInJlYWQiOjMwMDAwMDAwMDAwMCwidXBkYXRlIjo1NDAwMDAwMDAwMDAwfX0="
        }
      ]
    },
    {
      "mode": "managed",
      "type": "azurerm_storage_account",
      "name": "example",
      "provider": "provider[\"registry.terraform.io/hashicorp/azurerm\"]",
      "instances": [
        {
          "schema_version": 2,
          "attributes": {
            "access_tier": "Hot",
            "account_kind": "StorageV2",
            "account_replication_type": "LRS",
            "account_tier": "Standard",
            "allow_blob_public_access": true,
            "blob_properties": [],
            "custom_domain": [],
            "enable_https_traffic_only": true,
            "id": "/subscriptions/f5b5d7b3-27e6-47ba-83c1-58824d3eb42b/resourceGroups/rgosh/providers/Microsoft.Storage/storageAccounts/oshstorageacct",
            "identity": [],
            "is_hns_enabled": false,
            "location": "westeurope",
            "min_tls_version": "TLS1_0",
            "name": "oshstorageacct",
            "network_rules": [
              {
                "bypass": [
                  "AzureServices"
                ],
                "default_action": "Allow",
                "ip_rules": [],
                "virtual_network_subnet_ids": []
              }
            ],
            "primary_access_key": "oSEyjXdFql1tyZV5ZRiE+RxScENfmWtRPjMrUeWVXWRcrPxgt2KnSJS8w4sE/abHuYk7EGcGLUPFcCOPeiZKgQ==",
            "primary_blob_connection_string": "DefaultEndpointsProtocol=https;BlobEndpoint=https://oshstorageacct.blob.core.windows.net/;AccountName=oshstorageacct;AccountKey=oSEyjXdFql1tyZV5ZRiE+RxScENfmWtRPjMrUeWVXWRcrPxgt2KnSJS8w4sE/abHuYk7EGcGLUPFcCOPeiZKgQ==",
            "primary_blob_endpoint": "https://oshstorageacct.blob.core.windows.net/",
            "primary_blob_host": "oshstorageacct.blob.core.windows.net",
            "primary_connection_string": "DefaultEndpointsProtocol=https;AccountName=oshstorageacct;AccountKey=oSEyjXdFql1tyZV5ZRiE+RxScENfmWtRPjMrUeWVXWRcrPxgt2KnSJS8w4sE/abHuYk7EGcGLUPFcCOPeiZKgQ==;EndpointSuffix=core.windows.net",
            "primary_dfs_endpoint": "https://oshstorageacct.dfs.core.windows.net/",
            "primary_dfs_host": "oshstorageacct.dfs.core.windows.net",
            "primary_file_endpoint": "https://oshstorageacct.file.core.windows.net/",
            "primary_file_host": "oshstorageacct.file.core.windows.net",
            "primary_location": "westeurope",
            "primary_queue_endpoint": "https://oshstorageacct.queue.core.windows.net/",
            "primary_queue_host": "oshstorageacct.queue.core.windows.net",
            "primary_table_endpoint": "https://oshstorageacct.table.core.windows.net/",
            "primary_table_host": "oshstorageacct.table.core.windows.net",
            "primary_web_endpoint": "https://oshstorageacct.z6.web.core.windows.net/",
            "primary_web_host": "oshstorageacct.z6.web.core.windows.net",
            "queue_properties": [
              {
                "cors_rule": [],
                "hour_metrics": [
                  {
                    "enabled": true,
                    "include_apis": true,
                    "retention_policy_days": 7,
                    "version": "1.0"
                  }
                ],
                "logging": [
                  {
                    "delete": false,
                    "read": false,
                    "retention_policy_days": 0,
                    "version": "1.0",
                    "write": false
                  }
                ],
                "minute_metrics": [
                  {
                    "enabled": false,
                    "include_apis": false,
                    "retention_policy_days": 0,
                    "version": "1.0"
                  }
                ]
              }
            ],
            "resource_group_name": "rgosh",
            "secondary_access_key": "md+/V/wfYvGoeo8b40VEu4lfdbquzbaoMr/weK/GvWdZBBG9lPKyLA+lEyKvJUYYu+hVToDaXHumOcLjIwbc9g==",
            "secondary_blob_connection_string": "",
            "secondary_blob_endpoint": null,
            "secondary_blob_host": null,
            "secondary_connection_string": "DefaultEndpointsProtocol=https;AccountName=oshstorageacct;AccountKey=md+/V/wfYvGoeo8b40VEu4lfdbquzbaoMr/weK/GvWdZBBG9lPKyLA+lEyKvJUYYu+hVToDaXHumOcLjIwbc9g==;EndpointSuffix=core.windows.net",
            "secondary_dfs_endpoint": null,
            "secondary_dfs_host": null,
            "secondary_file_endpoint": null,
            "secondary_file_host": null,
            "secondary_location": "",
            "secondary_queue_endpoint": null,
            "secondary_queue_host": null,
            "secondary_table_endpoint": null,
            "secondary_table_host": null,
            "secondary_web_endpoint": null,
            "secondary_web_host": null,
            "static_website": [],
            "tags": {
              "Dept": "Engineering",
              "Project": "Leche Dos Pinos"
            },
            "timeouts": null
          },
          "private": "eyJlMmJmYjczMC1lY2FhLTExZTYtOGY4OC0zNDM2M2JjN2M0YzAiOnsiY3JlYXRlIjozNjAwMDAwMDAwMDAwLCJkZWxldGUiOjM2MDAwMDAwMDAwMDAsInJlYWQiOjMwMDAwMDAwMDAwMCwidXBkYXRlIjozNjAwMDAwMDAwMDAwfSwic2NoZW1hX3ZlcnNpb24iOiIyIn0=",
          "dependencies": [
            "azurerm_resource_group.example"
          ]
        }
      ]
    },
    {
      "mode": "managed",
      "type": "azurerm_storage_blob",
      "name": "example",
      "provider": "provider[\"registry.terraform.io/hashicorp/azurerm\"]",
      "instances": [
        {
          "schema_version": 1,
          "attributes": {
            "access_tier": "Hot",
            "content_type": "application/octet-stream",
            "id": "https://oshstorageacct.blob.core.windows.net/osh-sample-container/1972_CPLY_Imaginary_Flag_for_Switzerland.jpg",
            "metadata": {},
            "name": "1972_CPLY_Imaginary_Flag_for_Switzerland.jpg",
            "parallelism": 8,
            "size": 0,
            "source": "1972_CPLY_Imaginary_Flag_for_Switzerland-2000x1797.jpg",
            "source_content": null,
            "source_uri": null,
            "storage_account_name": "oshstorageacct",
            "storage_container_name": "osh-sample-container",
            "timeouts": null,
            "type": "Block",
            "url": "https://oshstorageacct.blob.core.windows.net/osh-sample-container/1972_CPLY_Imaginary_Flag_for_Switzerland.jpg"
          },
          "private": "eyJlMmJmYjczMC1lY2FhLTExZTYtOGY4OC0zNDM2M2JjN2M0YzAiOnsiY3JlYXRlIjoxODAwMDAwMDAwMDAwLCJkZWxldGUiOjE4MDAwMDAwMDAwMDAsInJlYWQiOjMwMDAwMDAwMDAwMCwidXBkYXRlIjoxODAwMDAwMDAwMDAwfSwic2NoZW1hX3ZlcnNpb24iOiIxIn0=",
          "dependencies": [
            "azurerm_resource_group.example",
            "azurerm_storage_account.example",
            "azurerm_storage_container.example"
          ]
        }
      ]
    },
    {
      "mode": "managed",
      "type": "azurerm_storage_container",
      "name": "example",
      "provider": "provider[\"registry.terraform.io/hashicorp/azurerm\"]",
      "instances": [
        {
          "schema_version": 1,
          "attributes": {
            "container_access_type": "container",
            "has_immutability_policy": false,
            "has_legal_hold": false,
            "id": "https://oshstorageacct.blob.core.windows.net/osh-sample-container",
            "metadata": {},
            "name": "osh-sample-container",
            "resource_manager_id": "/subscriptions/f5b5d7b3-27e6-47ba-83c1-58824d3eb42b/resourceGroups/rgosh/providers/Microsoft.Storage/storageAccounts/oshstorageacct/blobServices/default/containers/osh-sample-container",
            "storage_account_name": "oshstorageacct",
            "timeouts": null
          },
          "private": "eyJlMmJmYjczMC1lY2FhLTExZTYtOGY4OC0zNDM2M2JjN2M0YzAiOnsiY3JlYXRlIjoxODAwMDAwMDAwMDAwLCJkZWxldGUiOjE4MDAwMDAwMDAwMDAsInJlYWQiOjMwMDAwMDAwMDAwMCwidXBkYXRlIjoxODAwMDAwMDAwMDAwfSwic2NoZW1hX3ZlcnNpb24iOiIxIn0=",
          "dependencies": [
            "azurerm_resource_group.example",
            "azurerm_storage_account.example"
          ]
        }
      ]
    }
  ]
}
